
Microsoft Visual Studio Solution File, Format Version 12.00
# Visual Studio Version 16
VisualStudioVersion = 16.0.810.8
MinimumVisualStudioVersion = 10.0.40219.1
Project("{FAE04EC0-301F-11D3-BF4B-00C04F79EFBC}") = "TweetBook", "TweetBook\TweetBook.csproj", "{CEA119A4-1402-4097-A9A0-D931C8178E41}"
EndProject
Project("{FAE04EC0-301F-11D3-BF4B-00C04F79EFBC}") = "TweetBook.Tests", "TweetBook.Tests\TweetBook.Tests.csproj", "{3545A38B-39BB-4E94-A9D3-1D2F4A1AF99E}"
EndProject
Global
	GlobalSection(SolutionConfigurationPlatforms) = preSolution
		Debug|Any CPU = Debug|Any CPU
		Release|Any CPU = Release|Any CPU
	EndGlobalSection
	GlobalSection(ProjectConfigurationPlatforms) = postSolution
		{CEA119A4-1402-4097-A9A0-D931C8178E41}.Debug|Any CPU.ActiveCfg = Debug|Any CPU
		{CEA119A4-1402-4097-A9A0-D931C8178E41}.Debug|Any CPU.Build.0 = Debug|Any CPU
		{CEA119A4-1402-4097-A9A0-D931C8178E41}.Release|Any CPU.ActiveCfg = Release|Any CPU
		{CEA119A4-1402-4097-A9A0-D931C8178E41}.Release|Any CPU.Build.0 = Release|Any CPU
		{3545A38B-39BB-4E94-A9D3-1D2F4A1AF99E}.Debug|Any CPU.ActiveCfg = Debug|Any CPU
		{3545A38B-39BB-4E94-A9D3-1D2F4A1AF99E}.Debug|Any CPU.Build.0 = Debug|Any CPU
		{3545A38B-39BB-4E94-A9D3-1D2F4A1AF99E}.Release|Any CPU.ActiveCfg = Release|Any CPU
		{3545A38B-39BB-4E94-A9D3-1D2F4A1AF99E}.Release|Any CPU.Build.0 = Release|Any CPU
	EndGlobalSection
	GlobalSection(SolutionProperties) = preSolution
		HideSolutionNode = FALSE
	EndGlobalSection
	GlobalSection(ExtensibilityGlobals) = postSolution
		SolutionGuid = {F3FD4ADF-563E-480B-A078-7B364312A867}
	EndGlobalSection
EndGlobal
